
Microsoft Visual Studio Solution File, Format Version 12.00
# Visual Studio Version 16
VisualStudioVersion = 16.0.30907.101
MinimumVisualStudioVersion = 10.0.40219.1
Project("{FAE04EC0-301F-11D3-BF4B-00C04F79EFBC}") = "hos", "hos\hos.csproj", "{791CB1A2-200E-4AD2-B593-A15A19D4E384}"
EndProject
Global
	GlobalSection(SolutionConfigurationPlatforms) = preSolution
		Debug|Any CPU = Debug|Any CPU
		Release|Any CPU = Release|Any CPU
	EndGlobalSection
	GlobalSection(ProjectConfigurationPlatforms) = postSolution
		{791CB1A2-200E-4AD2-B593-A15A19D4E384}.Debug|Any CPU.ActiveCfg = Debug|Any CPU
		{791CB1A2-200E-4AD2-B593-A15A19D4E384}.Debug|Any CPU.Build.0 = Debug|Any CPU
		{791CB1A2-200E-4AD2-B593-A15A19D4E384}.Release|Any CPU.ActiveCfg = Release|Any CPU
		{791CB1A2-200E-4AD2-B593-A15A19D4E384}.Release|Any CPU.Build.0 = Release|Any CPU
	EndGlobalSection
	GlobalSection(SolutionProperties) = preSolution
		HideSolutionNode = FALSE
	EndGlobalSection
	GlobalSection(ExtensibilityGlobals) = postSolution
		SolutionGuid = {52108EB0-86A0-4848-9EED-AB414C2D9FCF}
	EndGlobalSection
EndGlobal
